
Microsoft Visual Studio Solution File, Format Version 12.00
# Visual Studio Version 17
VisualStudioVersion = 17.11.35327.3
MinimumVisualStudioVersion = 10.0.40219.1
Project("{FAE04EC0-301F-11D3-BF4B-00C04F79EFBC}") = "Web_Presentation", "Web_Presentation\Web_Presentation.csproj", "{492B903B-A4B3-4298-98CD-197B4E7FB0F2}"
EndProject
Project("{FAE04EC0-301F-11D3-BF4B-00C04F79EFBC}") = "Common_Types_Layer", "Common_Types_Layer\Common_Types_Layer.csproj", "{32E3D941-949B-4A88-82FA-5862D99B899C}"
EndProject
Project("{FAE04EC0-301F-11D3-BF4B-00C04F79EFBC}") = "Data_Access_Layer", "Data_Access_Layer\Data_Access_Layer.csproj", "{0D071E6E-1C07-4720-93B7-96CE6C95A333}"
EndProject
Project("{FAE04EC0-301F-11D3-BF4B-00C04F79EFBC}") = "Model_Layer", "Model_Layer\Model_Layer.csproj", "{73C98A0B-AAF9-4762-9E04-E831F5BAF2FC}"
EndProject
Project("{FAE04EC0-301F-11D3-BF4B-00C04F79EFBC}") = "App_Service_Layer", "App_Service_Layer\App_Service_Layer.csproj", "{063C7EFD-762C-43B2-9FDA-546A27D5AE98}"
EndProject
Global
	GlobalSection(SolutionConfigurationPlatforms) = preSolution
		Debug|Any CPU = Debug|Any CPU
		Release|Any CPU = Release|Any CPU
	EndGlobalSection
	GlobalSection(ProjectConfigurationPlatforms) = postSolution
		{492B903B-A4B3-4298-98CD-197B4E7FB0F2}.Debug|Any CPU.ActiveCfg = Debug|Any CPU
		{492B903B-A4B3-4298-98CD-197B4E7FB0F2}.Debug|Any CPU.Build.0 = Debug|Any CPU
		{492B903B-A4B3-4298-98CD-197B4E7FB0F2}.Release|Any CPU.ActiveCfg = Release|Any CPU
		{492B903B-A4B3-4298-98CD-197B4E7FB0F2}.Release|Any CPU.Build.0 = Release|Any CPU
		{32E3D941-949B-4A88-82FA-5862D99B899C}.Debug|Any CPU.ActiveCfg = Debug|Any CPU
		{32E3D941-949B-4A88-82FA-5862D99B899C}.Debug|Any CPU.Build.0 = Debug|Any CPU
		{32E3D941-949B-4A88-82FA-5862D99B899C}.Release|Any CPU.ActiveCfg = Release|Any CPU
		{32E3D941-949B-4A88-82FA-5862D99B899C}.Release|Any CPU.Build.0 = Release|Any CPU
		{0D071E6E-1C07-4720-93B7-96CE6C95A333}.Debug|Any CPU.ActiveCfg = Debug|Any CPU
		{0D071E6E-1C07-4720-93B7-96CE6C95A333}.Debug|Any CPU.Build.0 = Debug|Any CPU
		{0D071E6E-1C07-4720-93B7-96CE6C95A333}.Release|Any CPU.ActiveCfg = Release|Any CPU
		{0D071E6E-1C07-4720-93B7-96CE6C95A333}.Release|Any CPU.Build.0 = Release|Any CPU
		{73C98A0B-AAF9-4762-9E04-E831F5BAF2FC}.Debug|Any CPU.ActiveCfg = Debug|Any CPU
		{73C98A0B-AAF9-4762-9E04-E831F5BAF2FC}.Debug|Any CPU.Build.0 = Debug|Any CPU
		{73C98A0B-AAF9-4762-9E04-E831F5BAF2FC}.Release|Any CPU.ActiveCfg = Release|Any CPU
		{73C98A0B-AAF9-4762-9E04-E831F5BAF2FC}.Release|Any CPU.Build.0 = Release|Any CPU
		{063C7EFD-762C-43B2-9FDA-546A27D5AE98}.Debug|Any CPU.ActiveCfg = Debug|Any CPU
		{063C7EFD-762C-43B2-9FDA-546A27D5AE98}.Debug|Any CPU.Build.0 = Debug|Any CPU
		{063C7EFD-762C-43B2-9FDA-546A27D5AE98}.Release|Any CPU.ActiveCfg = Release|Any CPU
		{063C7EFD-762C-43B2-9FDA-546A27D5AE98}.Release|Any CPU.Build.0 = Release|Any CPU
	EndGlobalSection
	GlobalSection(SolutionProperties) = preSolution
		HideSolutionNode = FALSE
	EndGlobalSection
	GlobalSection(ExtensibilityGlobals) = postSolution
		SolutionGuid = {3ABEA2C0-9ACB-420B-A9A5-36B8BF0E1E93}
	EndGlobalSection
EndGlobal
